// !$*UTF8*$!
{
	archiveVersion = 1;
	classes = {
	};
	objectVersion = 46;
	objects = {

/* Begin PBXBuildFile section */
		571095061BD5FC8200F9411D /* AppDelegate.swift in Sources */ = {isa = PBXBuildFile; fileRef = 571095051BD5FC8200F9411D /* AppDelegate.swift */; };
		571095081BD5FC8200F9411D /* ReservasListViewController.swift in Sources */ = {isa = PBXBuildFile; fileRef = 571095071BD5FC8200F9411D /* ReservasListViewController.swift */; };
		5710950D1BD5FC8200F9411D /* Assets.xcassets in Resources */ = {isa = PBXBuildFile; fileRef = 5710950C1BD5FC8200F9411D /* Assets.xcassets */; };
		5710951B1BD5FC8300F9411D /* Dreambox_StoresTests.swift in Sources */ = {isa = PBXBuildFile; fileRef = 5710951A1BD5FC8300F9411D /* Dreambox_StoresTests.swift */; };
		571095261BD5FC8300F9411D /* Dreambox_StoresUITests.swift in Sources */ = {isa = PBXBuildFile; fileRef = 571095251BD5FC8300F9411D /* Dreambox_StoresUITests.swift */; };
		5710953D1BD6854D00F9411D /* NavigationViewController.swift in Sources */ = {isa = PBXBuildFile; fileRef = 5710953C1BD6854D00F9411D /* NavigationViewController.swift */; };
		5710953E1BD6854D00F9411D /* NavigationViewController.swift in Sources */ = {isa = PBXBuildFile; fileRef = 5710953C1BD6854D00F9411D /* NavigationViewController.swift */; };
		5710953F1BD6854D00F9411D /* NavigationViewController.swift in Sources */ = {isa = PBXBuildFile; fileRef = 5710953C1BD6854D00F9411D /* NavigationViewController.swift */; };
		575A94E11BD9E6E400BE4777 /* ProfileBackground.swift in Sources */ = {isa = PBXBuildFile; fileRef = 575A94E01BD9E6E400BE4777 /* ProfileBackground.swift */; };
		578EEAF51BDB306400AEE332 /* ReservaViewController.swift in Sources */ = {isa = PBXBuildFile; fileRef = 578EEAF41BDB306400AEE332 /* ReservaViewController.swift */; };
		578EEAF91BDC123D00AEE332 /* DatePickerDialog.swift in Sources */ = {isa = PBXBuildFile; fileRef = 578EEAF81BDC123D00AEE332 /* DatePickerDialog.swift */; };
		57F2613E1BD7193C00958ADA /* Reserva.swift in Sources */ = {isa = PBXBuildFile; fileRef = 57F2613D1BD7193C00958ADA /* Reserva.swift */; };
		57F2613F1BD7193C00958ADA /* Reserva.swift in Sources */ = {isa = PBXBuildFile; fileRef = 57F2613D1BD7193C00958ADA /* Reserva.swift */; };
		57F261401BD7193C00958ADA /* Reserva.swift in Sources */ = {isa = PBXBuildFile; fileRef = 57F2613D1BD7193C00958ADA /* Reserva.swift */; };
		57F261421BD7232400958ADA /* LoginViewController.swift in Sources */ = {isa = PBXBuildFile; fileRef = 57F261411BD7232400958ADA /* LoginViewController.swift */; };
		7E9A3838BF484A76F186C043 /* Pods_Dreambox_Stores.framework in Frameworks */ = {isa = PBXBuildFile; fileRef = 2329F76B7B9D791652D3E19F /* Pods_Dreambox_Stores.framework */; };
/* End PBXBuildFile section */

/* Begin PBXContainerItemProxy section */
		571095171BD5FC8300F9411D /* PBXContainerItemProxy */ = {
			isa = PBXContainerItemProxy;
			containerPortal = 571094FA1BD5FC8200F9411D /* Project object */;
			proxyType = 1;
			remoteGlobalIDString = 571095011BD5FC8200F9411D;
			remoteInfo = "Dreambox Stores";
		};
		571095221BD5FC8300F9411D /* PBXContainerItemProxy */ = {
			isa = PBXContainerItemProxy;
			containerPortal = 571094FA1BD5FC8200F9411D /* Project object */;
			proxyType = 1;
			remoteGlobalIDString = 571095011BD5FC8200F9411D;
			remoteInfo = "Dreambox Stores";
		};
/* End PBXContainerItemProxy section */

/* Begin PBXFileReference section */
		2329F76B7B9D791652D3E19F /* Pods_Dreambox_Stores.framework */ = {isa = PBXFileReference; explicitFileType = wrapper.framework; includeInIndex = 0; path = Pods_Dreambox_Stores.framework; sourceTree = BUILT_PRODUCTS_DIR; };
		571095021BD5FC8200F9411D /* Dreambox Stores.app */ = {isa = PBXFileReference; explicitFileType = wrapper.application; includeInIndex = 0; path = "Dreambox Stores.app"; sourceTree = BUILT_PRODUCTS_DIR; };
		571095051BD5FC8200F9411D /* AppDelegate.swift */ = {isa = PBXFileReference; lastKnownFileType = sourcecode.swift; path = AppDelegate.swift; sourceTree = "<group>"; };
		571095071BD5FC8200F9411D /* ReservasListViewController.swift */ = {isa = PBXFileReference; lastKnownFileType = sourcecode.swift; path = ReservasListViewController.swift; sourceTree = "<group>"; };
		5710950C1BD5FC8200F9411D /* Assets.xcassets */ = {isa = PBXFileReference; lastKnownFileType = folder.assetcatalog; path = Assets.xcassets; sourceTree = "<group>"; };
		571095111BD5FC8200F9411D /* Info.plist */ = {isa = PBXFileReference; lastKnownFileType = text.plist.xml; path = Info.plist; sourceTree = "<group>"; };
		571095161BD5FC8300F9411D /* Dreambox StoresTests.xctest */ = {isa = PBXFileReference; explicitFileType = wrapper.cfbundle; includeInIndex = 0; path = "Dreambox StoresTests.xctest"; sourceTree = BUILT_PRODUCTS_DIR; };
		5710951A1BD5FC8300F9411D /* Dreambox_StoresTests.swift */ = {isa = PBXFileReference; lastKnownFileType = sourcecode.swift; path = Dreambox_StoresTests.swift; sourceTree = "<group>"; };
		5710951C1BD5FC8300F9411D /* Info.plist */ = {isa = PBXFileReference; lastKnownFileType = text.plist.xml; path = Info.plist; sourceTree = "<group>"; };
		571095211BD5FC8300F9411D /* Dreambox StoresUITests.xctest */ = {isa = PBXFileReference; explicitFileType = wrapper.cfbundle; includeInIndex = 0; path = "Dreambox StoresUITests.xctest"; sourceTree = BUILT_PRODUCTS_DIR; };
		571095251BD5FC8300F9411D /* Dreambox_StoresUITests.swift */ = {isa = PBXFileReference; lastKnownFileType = sourcecode.swift; path = Dreambox_StoresUITests.swift; sourceTree = "<group>"; };
		571095271BD5FC8300F9411D /* Info.plist */ = {isa = PBXFileReference; lastKnownFileType = text.plist.xml; path = Info.plist; sourceTree = "<group>"; };
		5710953C1BD6854D00F9411D /* NavigationViewController.swift */ = {isa = PBXFileReference; fileEncoding = 4; lastKnownFileType = sourcecode.swift; path = NavigationViewController.swift; sourceTree = "<group>"; };
		575A94E01BD9E6E400BE4777 /* ProfileBackground.swift */ = {isa = PBXFileReference; fileEncoding = 4; lastKnownFileType = sourcecode.swift; path = ProfileBackground.swift; sourceTree = "<group>"; };
		578EEAF41BDB306400AEE332 /* ReservaViewController.swift */ = {isa = PBXFileReference; fileEncoding = 4; lastKnownFileType = sourcecode.swift; path = ReservaViewController.swift; sourceTree = "<group>"; };
		578EEAF81BDC123D00AEE332 /* DatePickerDialog.swift */ = {isa = PBXFileReference; fileEncoding = 4; lastKnownFileType = sourcecode.swift; path = DatePickerDialog.swift; sourceTree = "<group>"; };
		57F2613D1BD7193C00958ADA /* Reserva.swift */ = {isa = PBXFileReference; fileEncoding = 4; lastKnownFileType = sourcecode.swift; path = Reserva.swift; sourceTree = "<group>"; };
		57F261411BD7232400958ADA /* LoginViewController.swift */ = {isa = PBXFileReference; fileEncoding = 4; lastKnownFileType = sourcecode.swift; path = LoginViewController.swift; sourceTree = "<group>"; };
		8FD3DA172309579EBEB40F66 /* Pods-Dreambox Stores.release.xcconfig */ = {isa = PBXFileReference; includeInIndex = 1; lastKnownFileType = text.xcconfig; name = "Pods-Dreambox Stores.release.xcconfig"; path = "Pods/Target Support Files/Pods-Dreambox Stores/Pods-Dreambox Stores.release.xcconfig"; sourceTree = "<group>"; };
		EF3A84A3A36DF343BB0EE931 /* Pods-Dreambox Stores.debug.xcconfig */ = {isa = PBXFileReference; includeInIndex = 1; lastKnownFileType = text.xcconfig; name = "Pods-Dreambox Stores.debug.xcconfig"; path = "Pods/Target Support Files/Pods-Dreambox Stores/Pods-Dreambox Stores.debug.xcconfig"; sourceTree = "<group>"; };
/* End PBXFileReference section */

/* Begin PBXFrameworksBuildPhase section */
		571094FF1BD5FC8200F9411D /* Frameworks */ = {
			isa = PBXFrameworksBuildPhase;
			buildActionMask = 2147483647;
			files = (
				7E9A3838BF484A76F186C043 /* Pods_Dreambox_Stores.framework in Frameworks */,
			);
			runOnlyForDeploymentPostprocessing = 0;
		};
		571095131BD5FC8300F9411D /* Frameworks */ = {
			isa = PBXFrameworksBuildPhase;
			buildActionMask = 2147483647;
			files = (
			);
			runOnlyForDeploymentPostprocessing = 0;
		};
		5710951E1BD5FC8300F9411D /* Frameworks */ = {
			isa = PBXFrameworksBuildPhase;
			buildActionMask = 2147483647;
			files = (
			);
			runOnlyForDeploymentPostprocessing = 0;
		};
/* End PBXFrameworksBuildPhase section */

/* Begin PBXGroup section */
		3EEDC4B02B02103444B7AD95 /* Pods */ = {
			isa = PBXGroup;
			children = (
				EF3A84A3A36DF343BB0EE931 /* Pods-Dreambox Stores.debug.xcconfig */,
				8FD3DA172309579EBEB40F66 /* Pods-Dreambox Stores.release.xcconfig */,
			);
			name = Pods;
			sourceTree = "<group>";
		};
		571094F91BD5FC8200F9411D = {
			isa = PBXGroup;
			children = (
				571095041BD5FC8200F9411D /* Dreambox Stores */,
				571095191BD5FC8300F9411D /* Dreambox StoresTests */,
				571095241BD5FC8300F9411D /* Dreambox StoresUITests */,
				571095031BD5FC8200F9411D /* Products */,
				3EEDC4B02B02103444B7AD95 /* Pods */,
				E0F4B2205B25600882FA90FC /* Frameworks */,
			);
			sourceTree = "<group>";
		};
		571095031BD5FC8200F9411D /* Products */ = {
			isa = PBXGroup;
			children = (
				571095021BD5FC8200F9411D /* Dreambox Stores.app */,
				571095161BD5FC8300F9411D /* Dreambox StoresTests.xctest */,
				571095211BD5FC8300F9411D /* Dreambox StoresUITests.xctest */,
			);
			name = Products;
			sourceTree = "<group>";
		};
		571095041BD5FC8200F9411D /* Dreambox Stores */ = {
			isa = PBXGroup;
			children = (
				578EEAF81BDC123D00AEE332 /* DatePickerDialog.swift */,
				571095051BD5FC8200F9411D /* AppDelegate.swift */,
				571095071BD5FC8200F9411D /* ReservasListViewController.swift */,
				5710950C1BD5FC8200F9411D /* Assets.xcassets */,
				571095111BD5FC8200F9411D /* Info.plist */,
				5710953C1BD6854D00F9411D /* NavigationViewController.swift */,
				57F2613D1BD7193C00958ADA /* Reserva.swift */,
				57F261411BD7232400958ADA /* LoginViewController.swift */,
				575A94E01BD9E6E400BE4777 /* ProfileBackground.swift */,
				578EEAF41BDB306400AEE332 /* ReservaViewController.swift */,
			);
			path = "Dreambox Stores";
			sourceTree = "<group>";
		};
		571095191BD5FC8300F9411D /* Dreambox StoresTests */ = {
			isa = PBXGroup;
			children = (
				5710951A1BD5FC8300F9411D /* Dreambox_StoresTests.swift */,
				5710951C1BD5FC8300F9411D /* Info.plist */,
			);
			path = "Dreambox StoresTests";
			sourceTree = "<group>";
		};
		571095241BD5FC8300F9411D /* Dreambox StoresUITests */ = {
			isa = PBXGroup;
			children = (
				571095251BD5FC8300F9411D /* Dreambox_StoresUITests.swift */,
				571095271BD5FC8300F9411D /* Info.plist */,
			);
			path = "Dreambox StoresUITests";
			sourceTree = "<group>";
		};
		E0F4B2205B25600882FA90FC /* Frameworks */ = {
			isa = PBXGroup;
			children = (
				2329F76B7B9D791652D3E19F /* Pods_Dreambox_Stores.framework */,
			);
			name = Frameworks;
			sourceTree = "<group>";
		};
/* End PBXGroup section */

/* Begin PBXNativeTarget section */
		571095011BD5FC8200F9411D /* Dreambox Stores */ = {
			isa = PBXNativeTarget;
			buildConfigurationList = 5710952A1BD5FC8300F9411D /* Build configuration list for PBXNativeTarget "Dreambox Stores" */;
			buildPhases = (
				EE5472F2A45D9AE265B209CD /* Check Pods Manifest.lock */,
				571094FE1BD5FC8200F9411D /* Sources */,
				571094FF1BD5FC8200F9411D /* Frameworks */,
				571095001BD5FC8200F9411D /* Resources */,
				B17322BC20D715C2FA6B810B /* Embed Pods Frameworks */,
				48F78BA51437C5A003F31972 /* Copy Pods Resources */,
				579746FB1BE04A2700BA1730 /* ShellScript */,
			);
			buildRules = (
			);
			dependencies = (
			);
			name = "Dreambox Stores";
			productName = "Dreambox Stores";
			productReference = 571095021BD5FC8200F9411D /* Dreambox Stores.app */;
			productType = "com.apple.product-type.application";
		};
		571095151BD5FC8300F9411D /* Dreambox StoresTests */ = {
			isa = PBXNativeTarget;
			buildConfigurationList = 5710952D1BD5FC8300F9411D /* Build configuration list for PBXNativeTarget "Dreambox StoresTests" */;
			buildPhases = (
				571095121BD5FC8300F9411D /* Sources */,
				571095131BD5FC8300F9411D /* Frameworks */,
				571095141BD5FC8300F9411D /* Resources */,
			);
			buildRules = (
			);
			dependencies = (
				571095181BD5FC8300F9411D /* PBXTargetDependency */,
			);
			name = "Dreambox StoresTests";
			productName = "Dreambox StoresTests";
			productReference = 571095161BD5FC8300F9411D /* Dreambox StoresTests.xctest */;
			productType = "com.apple.product-type.bundle.unit-test";
		};
		571095201BD5FC8300F9411D /* Dreambox StoresUITests */ = {
			isa = PBXNativeTarget;
			buildConfigurationList = 571095301BD5FC8300F9411D /* Build configuration list for PBXNativeTarget "Dreambox StoresUITests" */;
			buildPhases = (
				5710951D1BD5FC8300F9411D /* Sources */,
				5710951E1BD5FC8300F9411D /* Frameworks */,
				5710951F1BD5FC8300F9411D /* Resources */,
			);
			buildRules = (
			);
			dependencies = (
				571095231BD5FC8300F9411D /* PBXTargetDependency */,
			);
			name = "Dreambox StoresUITests";
			productName = "Dreambox StoresUITests";
			productReference = 571095211BD5FC8300F9411D /* Dreambox StoresUITests.xctest */;
			productType = "com.apple.product-type.bundle.ui-testing";
		};
/* End PBXNativeTarget section */

/* Begin PBXProject section */
		571094FA1BD5FC8200F9411D /* Project object */ = {
			isa = PBXProject;
			attributes = {
				LastUpgradeCheck = 0700;
				ORGANIZATIONNAME = dreambox;
				TargetAttributes = {
					571095011BD5FC8200F9411D = {
						CreatedOnToolsVersion = 7.0.1;
						DevelopmentTeam = 8H73X3AX57;
					};
					571095151BD5FC8300F9411D = {
						CreatedOnToolsVersion = 7.0.1;
						TestTargetID = 571095011BD5FC8200F9411D;
					};
					571095201BD5FC8300F9411D = {
						CreatedOnToolsVersion = 7.0.1;
						TestTargetID = 571095011BD5FC8200F9411D;
					};
				};
			};
			buildConfigurationList = 571094FD1BD5FC8200F9411D /* Build configuration list for PBXProject "Dreambox Stores" */;
			compatibilityVersion = "Xcode 3.2";
			developmentRegion = English;
			hasScannedForEncodings = 0;
			knownRegions = (
				en,
				Base,
			);
			mainGroup = 571094F91BD5FC8200F9411D;
			productRefGroup = 571095031BD5FC8200F9411D /* Products */;
			projectDirPath = "";
			projectRoot = "";
			targets = (
				571095011BD5FC8200F9411D /* Dreambox Stores */,
				571095151BD5FC8300F9411D /* Dreambox StoresTests */,
				571095201BD5FC8300F9411D /* Dreambox StoresUITests */,
			);
		};
/* End PBXProject section */

/* Begin PBXResourcesBuildPhase section */
		571095001BD5FC8200F9411D /* Resources */ = {
			isa = PBXResourcesBuildPhase;
			buildActionMask = 2147483647;
			files = (
				5710950D1BD5FC8200F9411D /* Assets.xcassets in Resources */,
			);
			runOnlyForDeploymentPostprocessing = 0;
		};
		571095141BD5FC8300F9411D /* Resources */ = {
			isa = PBXResourcesBuildPhase;
			buildActionMask = 2147483647;
			files = (
			);
			runOnlyForDeploymentPostprocessing = 0;
		};
		5710951F1BD5FC8300F9411D /* Resources */ = {
			isa = PBXResourcesBuildPhase;
			buildActionMask = 2147483647;
			files = (
			);
			runOnlyForDeploymentPostprocessing = 0;
		};
/* End PBXResourcesBuildPhase section */

/* Begin PBXShellScriptBuildPhase section */
		48F78BA51437C5A003F31972 /* Copy Pods Resources */ = {
			isa = PBXShellScriptBuildPhase;
			buildActionMask = 2147483647;
			files = (
			);
			inputPaths = (
			);
			name = "Copy Pods Resources";
			outputPaths = (
			);
			runOnlyForDeploymentPostprocessing = 0;
			shellPath = /bin/sh;
			shellScript = "\"${SRCROOT}/Pods/Target Support Files/Pods-Dreambox Stores/Pods-Dreambox Stores-resources.sh\"\n";
			showEnvVarsInLog = 0;
		};
		579746FB1BE04A2700BA1730 /* ShellScript */ = {
			isa = PBXShellScriptBuildPhase;
			buildActionMask = 2147483647;
			files = (
			);
			inputPaths = (
			);
			outputPaths = (
			);
			runOnlyForDeploymentPostprocessing = 0;
			shellPath = /bin/sh;
			shellScript = "\"${PODS_ROOT}/Fabric/Fabric.framework/run\" 41ad49d43471dd3e631b695825140071ff1aeb6c 81eeacf09f6795a123db1f81b0b4681c4bff2528efde874185b2adb21ddaa1c1";
		};
		B17322BC20D715C2FA6B810B /* Embed Pods Frameworks */ = {
			isa = PBXShellScriptBuildPhase;
			buildActionMask = 2147483647;
			files = (
			);
			inputPaths = (
			);
			name = "Embed Pods Frameworks";
			outputPaths = (
			);
			runOnlyForDeploymentPostprocessing = 0;
			shellPath = /bin/sh;
			shellScript = "\"${SRCROOT}/Pods/Target Support Files/Pods-Dreambox Stores/Pods-Dreambox Stores-frameworks.sh\"\n";
			showEnvVarsInLog = 0;
		};
		EE5472F2A45D9AE265B209CD /* Check Pods Manifest.lock */ = {
			isa = PBXShellScriptBuildPhase;
			buildActionMask = 2147483647;
			files = (
			);
			inputPaths = (
			);
			name = "Check Pods Manifest.lock";
			outputPaths = (
			);
			runOnlyForDeploymentPostprocessing = 0;
			shellPath = /bin/sh;
			shellScript = "diff \"${PODS_ROOT}/../Podfile.lock\" \"${PODS_ROOT}/Manifest.lock\" > /dev/null\nif [[ $? != 0 ]] ; then\n    cat << EOM\nerror: The sandbox is not in sync with the Podfile.lock. Run 'pod install' or update your CocoaPods installation.\nEOM\n    exit 1\nfi\n";
			showEnvVarsInLog = 0;
		};
/* End PBXShellScriptBuildPhase section */

/* Begin PBXSourcesBuildPhase section */
		571094FE1BD5FC8200F9411D /* Sources */ = {
			isa = PBXSourcesBuildPhase;
			buildActionMask = 2147483647;
			files = (
				57F2613E1BD7193C00958ADA /* Reserva.swift in Sources */,
				575A94E11BD9E6E400BE4777 /* ProfileBackground.swift in Sources */,
				5710953D1BD6854D00F9411D /* NavigationViewController.swift in Sources */,
				571095081BD5FC8200F9411D /* ReservasListViewController.swift in Sources */,
				57F261421BD7232400958ADA /* LoginViewController.swift in Sources */,
				578EEAF91BDC123D00AEE332 /* DatePickerDialog.swift in Sources */,
				578EEAF51BDB306400AEE332 /* ReservaViewController.swift in Sources */,
				571095061BD5FC8200F9411D /* AppDelegate.swift in Sources */,
			);
			runOnlyForDeploymentPostprocessing = 0;
		};
		571095121BD5FC8300F9411D /* Sources */ = {
			isa = PBXSourcesBuildPhase;
			buildActionMask = 2147483647;
			files = (
				57F2613F1BD7193C00958ADA /* Reserva.swift in Sources */,
				5710953E1BD6854D00F9411D /* NavigationViewController.swift in Sources */,
				5710951B1BD5FC8300F9411D /* Dreambox_StoresTests.swift in Sources */,
			);
			runOnlyForDeploymentPostprocessing = 0;
		};
		5710951D1BD5FC8300F9411D /* Sources */ = {
			isa = PBXSourcesBuildPhase;
			buildActionMask = 2147483647;
			files = (
				57F261401BD7193C00958ADA /* Reserva.swift in Sources */,
				5710953F1BD6854D00F9411D /* NavigationViewController.swift in Sources */,
				571095261BD5FC8300F9411D /* Dreambox_StoresUITests.swift in Sources */,
			);
			runOnlyForDeploymentPostprocessing = 0;
		};
/* End PBXSourcesBuildPhase section */

/* Begin PBXTargetDependency section */
		571095181BD5FC8300F9411D /* PBXTargetDependency */ = {
			isa = PBXTargetDependency;
			target = 571095011BD5FC8200F9411D /* Dreambox Stores */;
			targetProxy = 571095171BD5FC8300F9411D /* PBXContainerItemProxy */;
		};
		571095231BD5FC8300F9411D /* PBXTargetDependency */ = {
			isa = PBXTargetDependency;
			target = 571095011BD5FC8200F9411D /* Dreambox Stores */;
			targetProxy = 571095221BD5FC8300F9411D /* PBXContainerItemProxy */;
		};
/* End PBXTargetDependency section */

/* Begin XCBuildConfiguration section */
		571095281BD5FC8300F9411D /* Debug */ = {
			isa = XCBuildConfiguration;
			buildSettings = {
				ALWAYS_SEARCH_USER_PATHS = NO;
				CLANG_CXX_LANGUAGE_STANDARD = "gnu++0x";
				CLANG_CXX_LIBRARY = "libc++";
				CLANG_ENABLE_MODULES = YES;
				CLANG_ENABLE_OBJC_ARC = YES;
				CLANG_WARN_BOOL_CONVERSION = YES;
				CLANG_WARN_CONSTANT_CONVERSION = YES;
				CLANG_WARN_DIRECT_OBJC_ISA_USAGE = YES_ERROR;
				CLANG_WARN_EMPTY_BODY = YES;
				CLANG_WARN_ENUM_CONVERSION = YES;
				CLANG_WARN_INT_CONVERSION = YES;
				CLANG_WARN_OBJC_ROOT_CLASS = YES_ERROR;
				CLANG_WARN_UNREACHABLE_CODE = YES;
				CLANG_WARN__DUPLICATE_METHOD_MATCH = YES;
				"CODE_SIGN_IDENTITY[sdk=iphoneos*]" = "iPhone Developer";
				COPY_PHASE_STRIP = NO;
				DEBUG_INFORMATION_FORMAT = dwarf;
				EMBEDDED_CONTENT_CONTAINS_SWIFT = YES;
				ENABLE_STRICT_OBJC_MSGSEND = YES;
				ENABLE_TESTABILITY = YES;
				GCC_C_LANGUAGE_STANDARD = gnu99;
				GCC_DYNAMIC_NO_PIC = NO;
				GCC_NO_COMMON_BLOCKS = YES;
				GCC_OPTIMIZATION_LEVEL = 0;
				GCC_PREPROCESSOR_DEFINITIONS = (
					"DEBUG=1",
					"$(inherited)",
				);
				GCC_WARN_64_TO_32_BIT_CONVERSION = YES;
				GCC_WARN_ABOUT_RETURN_TYPE = YES_ERROR;
				GCC_WARN_UNDECLARED_SELECTOR = YES;
				GCC_WARN_UNINITIALIZED_AUTOS = YES_AGGRESSIVE;
				GCC_WARN_UNUSED_FUNCTION = YES;
				GCC_WARN_UNUSED_VARIABLE = YES;
				IPHONEOS_DEPLOYMENT_TARGET = 8.0;
				MTL_ENABLE_DEBUG_INFO = YES;
				ONLY_ACTIVE_ARCH = YES;
				SDKROOT = iphoneos;
				SWIFT_OPTIMIZATION_LEVEL = "-Onone";
			};
			name = Debug;
		};
		571095291BD5FC8300F9411D /* Release */ = {
			isa = XCBuildConfiguration;
			buildSettings = {
				ALWAYS_SEARCH_USER_PATHS = NO;
				CLANG_CXX_LANGUAGE_STANDARD = "gnu++0x";
				CLANG_CXX_LIBRARY = "libc++";
				CLANG_ENABLE_MODULES = YES;
				CLANG_ENABLE_OBJC_ARC = YES;
				CLANG_WARN_BOOL_CONVERSION = YES;
				CLANG_WARN_CONSTANT_CONVERSION = YES;
				CLANG_WARN_DIRECT_OBJC_ISA_USAGE = YES_ERROR;
				CLANG_WARN_EMPTY_BODY = YES;
				CLANG_WARN_ENUM_CONVERSION = YES;
				CLANG_WARN_INT_CONVERSION = YES;
				CLANG_WARN_OBJC_ROOT_CLASS = YES_ERROR;
				CLANG_WARN_UNREACHABLE_CODE = YES;
				CLANG_WARN__DUPLICATE_METHOD_MATCH = YES;
				"CODE_SIGN_IDENTITY[sdk=iphoneos*]" = "iPhone Developer";
				COPY_PHASE_STRIP = NO;
				DEBUG_INFORMATION_FORMAT = "dwarf-with-dsym";
				EMBEDDED_CONTENT_CONTAINS_SWIFT = YES;
				ENABLE_NS_ASSERTIONS = NO;
				ENABLE_STRICT_OBJC_MSGSEND = YES;
				GCC_C_LANGUAGE_STANDARD = gnu99;
				GCC_NO_COMMON_BLOCKS = YES;
				GCC_WARN_64_TO_32_BIT_CONVERSION = YES;
				GCC_WARN_ABOUT_RETURN_TYPE = YES_ERROR;
				GCC_WARN_UNDECLARED_SELECTOR = YES;
				GCC_WARN_UNINITIALIZED_AUTOS = YES_AGGRESSIVE;
				GCC_WARN_UNUSED_FUNCTION = YES;
				GCC_WARN_UNUSED_VARIABLE = YES;
				IPHONEOS_DEPLOYMENT_TARGET = 8.0;
				MTL_ENABLE_DEBUG_INFO = NO;
				SDKROOT = iphoneos;
				VALIDATE_PRODUCT = YES;
			};
			name = Release;
		};
		5710952B1BD5FC8300F9411D /* Debug */ = {
			isa = XCBuildConfiguration;
			baseConfigurationReference = EF3A84A3A36DF343BB0EE931 /* Pods-Dreambox Stores.debug.xcconfig */;
			buildSettings = {
				ASSETCATALOG_COMPILER_APPICON_NAME = AppIcon;
				ASSETCATALOG_COMPILER_LAUNCHIMAGE_NAME = LaunchImage;
				CODE_SIGN_IDENTITY = "iPhone Distribution";
				"CODE_SIGN_IDENTITY[sdk=iphoneos*]" = "iPhone Developer";
				ENABLE_BITCODE = NO;
				ENABLE_ON_DEMAND_RESOURCES = NO;
				FRAMEWORK_SEARCH_PATHS = "$(inherited)";
				INFOPLIST_FILE = "Dreambox Stores/Info.plist";
				IPHONEOS_DEPLOYMENT_TARGET = 8.0;
				LD_RUNPATH_SEARCH_PATHS = "$(inherited) @executable_path/Frameworks";
				PRODUCT_BUNDLE_IDENTIFIER = "com.dreambox.Dreambox-Stores";
				PRODUCT_NAME = "$(TARGET_NAME)";
				PROVISIONING_PROFILE = "";
			};
			name = Debug;
		};
		5710952C1BD5FC8300F9411D /* Release */ = {
			isa = XCBuildConfiguration;
			baseConfigurationReference = 8FD3DA172309579EBEB40F66 /* Pods-Dreambox Stores.release.xcconfig */;
			buildSettings = {
				ASSETCATALOG_COMPILER_APPICON_NAME = AppIcon;
				ASSETCATALOG_COMPILER_LAUNCHIMAGE_NAME = LaunchImage;
				CODE_SIGN_IDENTITY = "iPhone Distribution";
				"CODE_SIGN_IDENTITY[sdk=iphoneos*]" = "iPhone Developer";
				ENABLE_BITCODE = NO;
				ENABLE_ON_DEMAND_RESOURCES = NO;
				FRAMEWORK_SEARCH_PATHS = "$(inherited)";
				INFOPLIST_FILE = "Dreambox Stores/Info.plist";
				IPHONEOS_DEPLOYMENT_TARGET = 8.0;
				LD_RUNPATH_SEARCH_PATHS = "$(inherited) @executable_path/Frameworks";
				PRODUCT_BUNDLE_IDENTIFIER = "com.dreambox.Dreambox-Stores";
				PRODUCT_NAME = "$(TARGET_NAME)";
				PROVISIONING_PROFILE = "";
			};
			name = Release;
		};
		5710952E1BD5FC8300F9411D /* Debug */ = {
			isa = XCBuildConfiguration;
			buildSettings = {
				BUNDLE_LOADER = "$(TEST_HOST)";
				INFOPLIST_FILE = "Dreambox StoresTests/Info.plist";
				LD_RUNPATH_SEARCH_PATHS = "$(inherited) @executable_path/Frameworks @loader_path/Frameworks";
				PRODUCT_BUNDLE_IDENTIFIER = "dreambox.Dreambox-StoresTests";
				PRODUCT_NAME = "$(TARGET_NAME)";
				TEST_HOST = "$(BUILT_PRODUCTS_DIR)/Dreambox Stores.app/Dreambox Stores";
			};
			name = Debug;
		};
		5710952F1BD5FC8300F9411D /* Release */ = {
			isa = XCBuildConfiguration;
			buildSettings = {
				BUNDLE_LOADER = "$(TEST_HOST)";
				INFOPLIST_FILE = "Dreambox StoresTests/Info.plist";
				LD_RUNPATH_SEARCH_PATHS = "$(inherited) @executable_path/Frameworks @loader_path/Frameworks";
				PRODUCT_BUNDLE_IDENTIFIER = "dreambox.Dreambox-StoresTests";
				PRODUCT_NAME = "$(TARGET_NAME)";
				TEST_HOST = "$(BUILT_PRODUCTS_DIR)/Dreambox Stores.app/Dreambox Stores";
			};
			name = Release;
		};
		571095311BD5FC8300F9411D /* Debug */ = {
			isa = XCBuildConfiguration;
			buildSettings = {
				INFOPLIST_FILE = "Dreambox StoresUITests/Info.plist";
				LD_RUNPATH_SEARCH_PATHS = "$(inherited) @executable_path/Frameworks @loader_path/Frameworks";
				PRODUCT_BUNDLE_IDENTIFIER = "dreambox.Dreambox-StoresUITests";
				PRODUCT_NAME = "$(TARGET_NAME)";
				TEST_TARGET_NAME = "Dreambox Stores";
				USES_XCTRUNNER = YES;
			};
			name = Debug;
		};
		571095321BD5FC8300F9411D /* Release */ = {
			isa = XCBuildConfiguration;
			buildSettings = {
				INFOPLIST_FILE = "Dreambox StoresUITests/Info.plist";
				LD_RUNPATH_SEARCH_PATHS = "$(inherited) @executable_path/Frameworks @loader_path/Frameworks";
				PRODUCT_BUNDLE_IDENTIFIER = "dreambox.Dreambox-StoresUITests";
				PRODUCT_NAME = "$(TARGET_NAME)";
				TEST_TARGET_NAME = "Dreambox Stores";
				USES_XCTRUNNER = YES;
			};
			name = Release;
		};
/* End XCBuildConfiguration section */

/* Begin XCConfigurationList section */
		571094FD1BD5FC8200F9411D /* Build configuration list for PBXProject "Dreambox Stores" */ = {
			isa = XCConfigurationList;
			buildConfigurations = (
				571095281BD5FC8300F9411D /* Debug */,
				571095291BD5FC8300F9411D /* Release */,
			);
			defaultConfigurationIsVisible = 0;
			defaultConfigurationName = Release;
		};
		5710952A1BD5FC8300F9411D /* Build configuration list for PBXNativeTarget "Dreambox Stores" */ = {
			isa = XCConfigurationList;
			buildConfigurations = (
				5710952B1BD5FC8300F9411D /* Debug */,
				5710952C1BD5FC8300F9411D /* Release */,
			);
			defaultConfigurationIsVisible = 0;
			defaultConfigurationName = Release;
		};
		5710952D1BD5FC8300F9411D /* Build configuration list for PBXNativeTarget "Dreambox StoresTests" */ = {
			isa = XCConfigurationList;
			buildConfigurations = (
				5710952E1BD5FC8300F9411D /* Debug */,
				5710952F1BD5FC8300F9411D /* Release */,
			);
			defaultConfigurationIsVisible = 0;
			defaultConfigurationName = Release;
		};
		571095301BD5FC8300F9411D /* Build configuration list for PBXNativeTarget "Dreambox StoresUITests" */ = {
			isa = XCConfigurationList;
			buildConfigurations = (
				571095311BD5FC8300F9411D /* Debug */,
				571095321BD5FC8300F9411D /* Release */,
			);
			defaultConfigurationIsVisible = 0;
			defaultConfigurationName = Release;
		};
/* End XCConfigurationList section */
	};
	rootObject = 571094FA1BD5FC8200F9411D /* Project object */;
}
